
Microsoft Visual Studio Solution File, Format Version 12.00
# Visual Studio Version 16
VisualStudioVersion = 16.0.30523.141
MinimumVisualStudioVersion = 10.0.40219.1
Project("{FAE04EC0-301F-11D3-BF4B-00C04F79EFBC}") = "ConsoleApp1", "ConsoleApp1.csproj", "{6325DF36-4492-4E96-A654-12BEF9B6048A}"
EndProject
Project("{FAE04EC0-301F-11D3-BF4B-00C04F79EFBC}") = "ConsoleApp1Tests", "..\ConsoleApp1Tests\ConsoleApp1Tests.csproj", "{B752098F-58A9-482D-8941-3C4F5A6E3A86}"
EndProject
Global
	GlobalSection(SolutionConfigurationPlatforms) = preSolution
		Debug|Any CPU = Debug|Any CPU
		Release|Any CPU = Release|Any CPU
	EndGlobalSection
	GlobalSection(ProjectConfigurationPlatforms) = postSolution
		{6325DF36-4492-4E96-A654-12BEF9B6048A}.Debug|Any CPU.ActiveCfg = Debug|Any CPU
		{6325DF36-4492-4E96-A654-12BEF9B6048A}.Debug|Any CPU.Build.0 = Debug|Any CPU
		{6325DF36-4492-4E96-A654-12BEF9B6048A}.Release|Any CPU.ActiveCfg = Release|Any CPU
		{6325DF36-4492-4E96-A654-12BEF9B6048A}.Release|Any CPU.Build.0 = Release|Any CPU
		{B752098F-58A9-482D-8941-3C4F5A6E3A86}.Debug|Any CPU.ActiveCfg = Debug|Any CPU
		{B752098F-58A9-482D-8941-3C4F5A6E3A86}.Debug|Any CPU.Build.0 = Debug|Any CPU
		{B752098F-58A9-482D-8941-3C4F5A6E3A86}.Release|Any CPU.ActiveCfg = Release|Any CPU
		{B752098F-58A9-482D-8941-3C4F5A6E3A86}.Release|Any CPU.Build.0 = Release|Any CPU
	EndGlobalSection
	GlobalSection(SolutionProperties) = preSolution
		HideSolutionNode = FALSE
	EndGlobalSection
	GlobalSection(ExtensibilityGlobals) = postSolution
		SolutionGuid = {B0A1B39A-7968-4A6E-93B5-2D2444E4AD77}
	EndGlobalSection
EndGlobal
